
Microsoft Visual Studio Solution File, Format Version 12.00
# Visual Studio Version 16
VisualStudioVersion = 16.0.32602.291
MinimumVisualStudioVersion = 10.0.40219.1
Project("{D954291E-2A0B-460D-934E-DC6B0785DB48}") = "MyApp3.Shared", "MyApp3\MyApp3.Shared\MyApp3.Shared.shproj", "{6279C845-92F8-4333-AB99-3D213163593C}"
EndProject
Project("{2150E333-8FDC-42A3-9474-1A3956D46DE8}") = "Platforms", "Platforms", "{32504943-AEB5-4556-BA6A-0EEDDC3A91CB}"
EndProject
Project("{FAE04EC0-301F-11D3-BF4B-00C04F79EFBC}") = "MyApp3.Droid", "MyApp3\MyApp3.Droid\MyApp3.Droid.csproj", "{F9D91032-2180-4139-86B3-69C44CCA6670}"
EndProject
Project("{FAE04EC0-301F-11D3-BF4B-00C04F79EFBC}") = "MyApp3.UWP", "MyApp3\MyApp3.UWP\MyApp3.UWP.csproj", "{737435C8-34D3-4294-B353-6C5F894D75A9}"
EndProject
Project("{FAE04EC0-301F-11D3-BF4B-00C04F79EFBC}") = "MyApp3.Wasm", "MyApp3\MyApp3.Wasm\MyApp3.Wasm.csproj", "{67D3153E-D385-4FC3-988E-C113C78D3BAA}"
EndProject
Project("{FAE04EC0-301F-11D3-BF4B-00C04F79EFBC}") = "MyApp3.Skia.Wpf.Host", "MyApp3\MyApp3.Skia.Wpf.Host\MyApp3.Skia.Wpf.Host.csproj", "{E8A16A52-CF8F-40C9-B6B6-20AFD5154CBA}"
EndProject
Project("{FAE04EC0-301F-11D3-BF4B-00C04F79EFBC}") = "MyApp3.Skia.Wpf", "MyApp3\MyApp3.Skia.Wpf\MyApp3.Skia.Wpf.csproj", "{D8F54044-EA1C-47F3-8EFE-F456C71014C6}"
EndProject
Global
	GlobalSection(SharedMSBuildProjectFiles) = preSolution
		MyApp3\MyApp3.Shared\MyApp3.Shared.projitems*{6279c845-92f8-4333-ab99-3d213163593c}*SharedItemsImports = 13
		MyApp3\MyApp3.Shared\MyApp3.Shared.projitems*{67d3153e-d385-4fc3-988e-c113c78d3baa}*SharedItemsImports = 5
		MyApp3\MyApp3.Shared\MyApp3.Shared.projitems*{737435c8-34d3-4294-b353-6c5f894d75a9}*SharedItemsImports = 4
		MyApp3\MyApp3.Shared\MyApp3.Shared.projitems*{d8f54044-ea1c-47f3-8efe-f456c71014c6}*SharedItemsImports = 5
		MyApp3\MyApp3.Shared\MyApp3.Shared.projitems*{f9d91032-2180-4139-86b3-69c44cca6670}*SharedItemsImports = 4
	EndGlobalSection
	GlobalSection(SolutionConfigurationPlatforms) = preSolution
		Ad-Hoc|Any CPU = Ad-Hoc|Any CPU
		Ad-Hoc|ARM = Ad-Hoc|ARM
		Ad-Hoc|ARM64 = Ad-Hoc|ARM64
		Ad-Hoc|iPhone = Ad-Hoc|iPhone
		Ad-Hoc|iPhoneSimulator = Ad-Hoc|iPhoneSimulator
		Ad-Hoc|x64 = Ad-Hoc|x64
		Ad-Hoc|x86 = Ad-Hoc|x86
		AppStore|Any CPU = AppStore|Any CPU
		AppStore|ARM = AppStore|ARM
		AppStore|ARM64 = AppStore|ARM64
		AppStore|iPhone = AppStore|iPhone
		AppStore|iPhoneSimulator = AppStore|iPhoneSimulator
		AppStore|x64 = AppStore|x64
		AppStore|x86 = AppStore|x86
		Debug|Any CPU = Debug|Any CPU
		Debug|ARM = Debug|ARM
		Debug|ARM64 = Debug|ARM64
		Debug|iPhone = Debug|iPhone
		Debug|iPhoneSimulator = Debug|iPhoneSimulator
		Debug|x64 = Debug|x64
		Debug|x86 = Debug|x86
		Release|Any CPU = Release|Any CPU
		Release|ARM = Release|ARM
		Release|ARM64 = Release|ARM64
		Release|iPhone = Release|iPhone
		Release|iPhoneSimulator = Release|iPhoneSimulator
		Release|x64 = Release|x64
		Release|x86 = Release|x86
	EndGlobalSection
	GlobalSection(ProjectConfigurationPlatforms) = postSolution
		{F9D91032-2180-4139-86B3-69C44CCA6670}.Ad-Hoc|Any CPU.ActiveCfg = Debug|Any CPU
		{F9D91032-2180-4139-86B3-69C44CCA6670}.Ad-Hoc|Any CPU.Build.0 = Debug|Any CPU
		{F9D91032-2180-4139-86B3-69C44CCA6670}.Ad-Hoc|Any CPU.Deploy.0 = Debug|Any CPU
		{F9D91032-2180-4139-86B3-69C44CCA6670}.Ad-Hoc|ARM.ActiveCfg = Debug|Any CPU
		{F9D91032-2180-4139-86B3-69C44CCA6670}.Ad-Hoc|ARM.Build.0 = Debug|Any CPU
		{F9D91032-2180-4139-86B3-69C44CCA6670}.Ad-Hoc|ARM.Deploy.0 = Debug|Any CPU
		{F9D91032-2180-4139-86B3-69C44CCA6670}.Ad-Hoc|ARM64.ActiveCfg = Debug|Any CPU
		{F9D91032-2180-4139-86B3-69C44CCA6670}.Ad-Hoc|ARM64.Build.0 = Debug|Any CPU
		{F9D91032-2180-4139-86B3-69C44CCA6670}.Ad-Hoc|ARM64.Deploy.0 = Debug|Any CPU
		{F9D91032-2180-4139-86B3-69C44CCA6670}.Ad-Hoc|iPhone.ActiveCfg = Debug|Any CPU
		{F9D91032-2180-4139-86B3-69C44CCA6670}.Ad-Hoc|iPhone.Build.0 = Debug|Any CPU
		{F9D91032-2180-4139-86B3-69C44CCA6670}.Ad-Hoc|iPhone.Deploy.0 = Debug|Any CPU
		{F9D91032-2180-4139-86B3-69C44CCA6670}.Ad-Hoc|iPhoneSimulator.ActiveCfg = Debug|Any CPU
		{F9D91032-2180-4139-86B3-69C44CCA6670}.Ad-Hoc|iPhoneSimulator.Build.0 = Debug|Any CPU
		{F9D91032-2180-4139-86B3-69C44CCA6670}.Ad-Hoc|iPhoneSimulator.Deploy.0 = Debug|Any CPU
		{F9D91032-2180-4139-86B3-69C44CCA6670}.Ad-Hoc|x64.ActiveCfg = Debug|Any CPU
		{F9D91032-2180-4139-86B3-69C44CCA6670}.Ad-Hoc|x64.Build.0 = Debug|Any CPU
		{F9D91032-2180-4139-86B3-69C44CCA6670}.Ad-Hoc|x64.Deploy.0 = Debug|Any CPU
		{F9D91032-2180-4139-86B3-69C44CCA6670}.Ad-Hoc|x86.ActiveCfg = Debug|Any CPU
		{F9D91032-2180-4139-86B3-69C44CCA6670}.Ad-Hoc|x86.Build.0 = Debug|Any CPU
		{F9D91032-2180-4139-86B3-69C44CCA6670}.Ad-Hoc|x86.Deploy.0 = Debug|Any CPU
		{F9D91032-2180-4139-86B3-69C44CCA6670}.AppStore|Any CPU.ActiveCfg = Debug|Any CPU
		{F9D91032-2180-4139-86B3-69C44CCA6670}.AppStore|Any CPU.Build.0 = Debug|Any CPU
		{F9D91032-2180-4139-86B3-69C44CCA6670}.AppStore|Any CPU.Deploy.0 = Debug|Any CPU
		{F9D91032-2180-4139-86B3-69C44CCA6670}.AppStore|ARM.ActiveCfg = Debug|Any CPU
		{F9D91032-2180-4139-86B3-69C44CCA6670}.AppStore|ARM.Build.0 = Debug|Any CPU
		{F9D91032-2180-4139-86B3-69C44CCA6670}.AppStore|ARM.Deploy.0 = Debug|Any CPU
		{F9D91032-2180-4139-86B3-69C44CCA6670}.AppStore|ARM64.ActiveCfg = Debug|Any CPU
		{F9D91032-2180-4139-86B3-69C44CCA6670}.AppStore|ARM64.Build.0 = Debug|Any CPU
		{F9D91032-2180-4139-86B3-69C44CCA6670}.AppStore|ARM64.Deploy.0 = Debug|Any CPU
		{F9D91032-2180-4139-86B3-69C44CCA6670}.AppStore|iPhone.ActiveCfg = Debug|Any CPU
		{F9D91032-2180-4139-86B3-69C44CCA6670}.AppStore|iPhone.Build.0 = Debug|Any CPU
		{F9D91032-2180-4139-86B3-69C44CCA6670}.AppStore|iPhone.Deploy.0 = Debug|Any CPU
		{F9D91032-2180-4139-86B3-69C44CCA6670}.AppStore|iPhoneSimulator.ActiveCfg = Debug|Any CPU
		{F9D91032-2180-4139-86B3-69C44CCA6670}.AppStore|iPhoneSimulator.Build.0 = Debug|Any CPU
		{F9D91032-2180-4139-86B3-69C44CCA6670}.AppStore|iPhoneSimulator.Deploy.0 = Debug|Any CPU
		{F9D91032-2180-4139-86B3-69C44CCA6670}.AppStore|x64.ActiveCfg = Debug|Any CPU
		{F9D91032-2180-4139-86B3-69C44CCA6670}.AppStore|x64.Build.0 = Debug|Any CPU
		{F9D91032-2180-4139-86B3-69C44CCA6670}.AppStore|x64.Deploy.0 = Debug|Any CPU
		{F9D91032-2180-4139-86B3-69C44CCA6670}.AppStore|x86.ActiveCfg = Debug|Any CPU
		{F9D91032-2180-4139-86B3-69C44CCA6670}.AppStore|x86.Build.0 = Debug|Any CPU
		{F9D91032-2180-4139-86B3-69C44CCA6670}.AppStore|x86.Deploy.0 = Debug|Any CPU
		{F9D91032-2180-4139-86B3-69C44CCA6670}.Debug|Any CPU.ActiveCfg = Debug|Any CPU
		{F9D91032-2180-4139-86B3-69C44CCA6670}.Debug|Any CPU.Build.0 = Debug|Any CPU
		{F9D91032-2180-4139-86B3-69C44CCA6670}.Debug|Any CPU.Deploy.0 = Debug|Any CPU
		{F9D91032-2180-4139-86B3-69C44CCA6670}.Debug|ARM.ActiveCfg = Debug|Any CPU
		{F9D91032-2180-4139-86B3-69C44CCA6670}.Debug|ARM.Build.0 = Debug|Any CPU
		{F9D91032-2180-4139-86B3-69C44CCA6670}.Debug|ARM.Deploy.0 = Debug|Any CPU
		{F9D91032-2180-4139-86B3-69C44CCA6670}.Debug|ARM64.ActiveCfg = Debug|Any CPU
		{F9D91032-2180-4139-86B3-69C44CCA6670}.Debug|ARM64.Build.0 = Debug|Any CPU
		{F9D91032-2180-4139-86B3-69C44CCA6670}.Debug|ARM64.Deploy.0 = Debug|Any CPU
		{F9D91032-2180-4139-86B3-69C44CCA6670}.Debug|iPhone.ActiveCfg = Debug|Any CPU
		{F9D91032-2180-4139-86B3-69C44CCA6670}.Debug|iPhone.Build.0 = Debug|Any CPU
		{F9D91032-2180-4139-86B3-69C44CCA6670}.Debug|iPhone.Deploy.0 = Debug|Any CPU
		{F9D91032-2180-4139-86B3-69C44CCA6670}.Debug|iPhoneSimulator.ActiveCfg = Debug|Any CPU
		{F9D91032-2180-4139-86B3-69C44CCA6670}.Debug|iPhoneSimulator.Build.0 = Debug|Any CPU
		{F9D91032-2180-4139-86B3-69C44CCA6670}.Debug|iPhoneSimulator.Deploy.0 = Debug|Any CPU
		{F9D91032-2180-4139-86B3-69C44CCA6670}.Debug|x64.ActiveCfg = Debug|Any CPU
		{F9D91032-2180-4139-86B3-69C44CCA6670}.Debug|x64.Build.0 = Debug|Any CPU
		{F9D91032-2180-4139-86B3-69C44CCA6670}.Debug|x64.Deploy.0 = Debug|Any CPU
		{F9D91032-2180-4139-86B3-69C44CCA6670}.Debug|x86.ActiveCfg = Debug|Any CPU
		{F9D91032-2180-4139-86B3-69C44CCA6670}.Debug|x86.Build.0 = Debug|Any CPU
		{F9D91032-2180-4139-86B3-69C44CCA6670}.Debug|x86.Deploy.0 = Debug|Any CPU
		{F9D91032-2180-4139-86B3-69C44CCA6670}.Release|Any CPU.ActiveCfg = Release|Any CPU
		{F9D91032-2180-4139-86B3-69C44CCA6670}.Release|Any CPU.Build.0 = Release|Any CPU
		{F9D91032-2180-4139-86B3-69C44CCA6670}.Release|Any CPU.Deploy.0 = Release|Any CPU
		{F9D91032-2180-4139-86B3-69C44CCA6670}.Release|ARM.ActiveCfg = Release|Any CPU
		{F9D91032-2180-4139-86B3-69C44CCA6670}.Release|ARM.Build.0 = Release|Any CPU
		{F9D91032-2180-4139-86B3-69C44CCA6670}.Release|ARM.Deploy.0 = Release|Any CPU
		{F9D91032-2180-4139-86B3-69C44CCA6670}.Release|ARM64.ActiveCfg = Release|Any CPU
		{F9D91032-2180-4139-86B3-69C44CCA6670}.Release|ARM64.Build.0 = Release|Any CPU
		{F9D91032-2180-4139-86B3-69C44CCA6670}.Release|ARM64.Deploy.0 = Release|Any CPU
		{F9D91032-2180-4139-86B3-69C44CCA6670}.Release|iPhone.ActiveCfg = Release|Any CPU
		{F9D91032-2180-4139-86B3-69C44CCA6670}.Release|iPhone.Build.0 = Release|Any CPU
		{F9D91032-2180-4139-86B3-69C44CCA6670}.Release|iPhone.Deploy.0 = Release|Any CPU
		{F9D91032-2180-4139-86B3-69C44CCA6670}.Release|iPhoneSimulator.ActiveCfg = Release|Any CPU
		{F9D91032-2180-4139-86B3-69C44CCA6670}.Release|iPhoneSimulator.Build.0 = Release|Any CPU
		{F9D91032-2180-4139-86B3-69C44CCA6670}.Release|iPhoneSimulator.Deploy.0 = Release|Any CPU
		{F9D91032-2180-4139-86B3-69C44CCA6670}.Release|x64.ActiveCfg = Release|Any CPU
		{F9D91032-2180-4139-86B3-69C44CCA6670}.Release|x64.Build.0 = Release|Any CPU
		{F9D91032-2180-4139-86B3-69C44CCA6670}.Release|x64.Deploy.0 = Release|Any CPU
		{F9D91032-2180-4139-86B3-69C44CCA6670}.Release|x86.ActiveCfg = Release|Any CPU
		{F9D91032-2180-4139-86B3-69C44CCA6670}.Release|x86.Build.0 = Release|Any CPU
		{F9D91032-2180-4139-86B3-69C44CCA6670}.Release|x86.Deploy.0 = Release|Any CPU
		{737435C8-34D3-4294-B353-6C5F894D75A9}.Ad-Hoc|Any CPU.ActiveCfg = Debug|x86
		{737435C8-34D3-4294-B353-6C5F894D75A9}.Ad-Hoc|Any CPU.Build.0 = Debug|x86
		{737435C8-34D3-4294-B353-6C5F894D75A9}.Ad-Hoc|Any CPU.Deploy.0 = Debug|x86
		{737435C8-34D3-4294-B353-6C5F894D75A9}.Ad-Hoc|ARM.ActiveCfg = Debug|ARM
		{737435C8-34D3-4294-B353-6C5F894D75A9}.Ad-Hoc|ARM.Build.0 = Debug|ARM
		{737435C8-34D3-4294-B353-6C5F894D75A9}.Ad-Hoc|ARM.Deploy.0 = Debug|ARM
		{737435C8-34D3-4294-B353-6C5F894D75A9}.Ad-Hoc|ARM64.ActiveCfg = Debug|ARM64
		{737435C8-34D3-4294-B353-6C5F894D75A9}.Ad-Hoc|ARM64.Build.0 = Debug|ARM64
		{737435C8-34D3-4294-B353-6C5F894D75A9}.Ad-Hoc|ARM64.Deploy.0 = Debug|ARM64
		{737435C8-34D3-4294-B353-6C5F894D75A9}.Ad-Hoc|iPhone.ActiveCfg = Debug|x86
		{737435C8-34D3-4294-B353-6C5F894D75A9}.Ad-Hoc|iPhone.Build.0 = Debug|x86
		{737435C8-34D3-4294-B353-6C5F894D75A9}.Ad-Hoc|iPhone.Deploy.0 = Debug|x86
		{737435C8-34D3-4294-B353-6C5F894D75A9}.Ad-Hoc|iPhoneSimulator.ActiveCfg = Debug|x86
		{737435C8-34D3-4294-B353-6C5F894D75A9}.Ad-Hoc|iPhoneSimulator.Build.0 = Debug|x86
		{737435C8-34D3-4294-B353-6C5F894D75A9}.Ad-Hoc|iPhoneSimulator.Deploy.0 = Debug|x86
		{737435C8-34D3-4294-B353-6C5F894D75A9}.Ad-Hoc|x64.ActiveCfg = Debug|x64
		{737435C8-34D3-4294-B353-6C5F894D75A9}.Ad-Hoc|x64.Build.0 = Debug|x64
		{737435C8-34D3-4294-B353-6C5F894D75A9}.Ad-Hoc|x64.Deploy.0 = Debug|x64
		{737435C8-34D3-4294-B353-6C5F894D75A9}.Ad-Hoc|x86.ActiveCfg = Debug|x86
		{737435C8-34D3-4294-B353-6C5F894D75A9}.Ad-Hoc|x86.Build.0 = Debug|x86
		{737435C8-34D3-4294-B353-6C5F894D75A9}.Ad-Hoc|x86.Deploy.0 = Debug|x86
		{737435C8-34D3-4294-B353-6C5F894D75A9}.AppStore|Any CPU.ActiveCfg = Debug|x86
		{737435C8-34D3-4294-B353-6C5F894D75A9}.AppStore|Any CPU.Build.0 = Debug|x86
		{737435C8-34D3-4294-B353-6C5F894D75A9}.AppStore|Any CPU.Deploy.0 = Debug|x86
		{737435C8-34D3-4294-B353-6C5F894D75A9}.AppStore|ARM.ActiveCfg = Debug|ARM
		{737435C8-34D3-4294-B353-6C5F894D75A9}.AppStore|ARM.Build.0 = Debug|ARM
		{737435C8-34D3-4294-B353-6C5F894D75A9}.AppStore|ARM.Deploy.0 = Debug|ARM
		{737435C8-34D3-4294-B353-6C5F894D75A9}.AppStore|ARM64.ActiveCfg = Debug|ARM64
		{737435C8-34D3-4294-B353-6C5F894D75A9}.AppStore|ARM64.Build.0 = Debug|ARM64
		{737435C8-34D3-4294-B353-6C5F894D75A9}.AppStore|ARM64.Deploy.0 = Debug|ARM64
		{737435C8-34D3-4294-B353-6C5F894D75A9}.AppStore|iPhone.ActiveCfg = Debug|x86
		{737435C8-34D3-4294-B353-6C5F894D75A9}.AppStore|iPhone.Build.0 = Debug|x86
		{737435C8-34D3-4294-B353-6C5F894D75A9}.AppStore|iPhone.Deploy.0 = Debug|x86
		{737435C8-34D3-4294-B353-6C5F894D75A9}.AppStore|iPhoneSimulator.ActiveCfg = Debug|x86
		{737435C8-34D3-4294-B353-6C5F894D75A9}.AppStore|iPhoneSimulator.Build.0 = Debug|x86
		{737435C8-34D3-4294-B353-6C5F894D75A9}.AppStore|iPhoneSimulator.Deploy.0 = Debug|x86
		{737435C8-34D3-4294-B353-6C5F894D75A9}.AppStore|x64.ActiveCfg = Debug|x64
		{737435C8-34D3-4294-B353-6C5F894D75A9}.AppStore|x64.Build.0 = Debug|x64
		{737435C8-34D3-4294-B353-6C5F894D75A9}.AppStore|x64.Deploy.0 = Debug|x64
		{737435C8-34D3-4294-B353-6C5F894D75A9}.AppStore|x86.ActiveCfg = Debug|x86
		{737435C8-34D3-4294-B353-6C5F894D75A9}.AppStore|x86.Build.0 = Debug|x86
		{737435C8-34D3-4294-B353-6C5F894D75A9}.AppStore|x86.Deploy.0 = Debug|x86
		{737435C8-34D3-4294-B353-6C5F894D75A9}.Debug|Any CPU.ActiveCfg = Debug|x86
		{737435C8-34D3-4294-B353-6C5F894D75A9}.Debug|Any CPU.Build.0 = Debug|x86
		{737435C8-34D3-4294-B353-6C5F894D75A9}.Debug|Any CPU.Deploy.0 = Debug|x86
		{737435C8-34D3-4294-B353-6C5F894D75A9}.Debug|ARM.ActiveCfg = Debug|ARM
		{737435C8-34D3-4294-B353-6C5F894D75A9}.Debug|ARM.Build.0 = Debug|ARM
		{737435C8-34D3-4294-B353-6C5F894D75A9}.Debug|ARM.Deploy.0 = Debug|ARM
		{737435C8-34D3-4294-B353-6C5F894D75A9}.Debug|ARM64.ActiveCfg = Debug|ARM64
		{737435C8-34D3-4294-B353-6C5F894D75A9}.Debug|ARM64.Build.0 = Debug|ARM64
		{737435C8-34D3-4294-B353-6C5F894D75A9}.Debug|ARM64.Deploy.0 = Debug|ARM64
		{737435C8-34D3-4294-B353-6C5F894D75A9}.Debug|iPhone.ActiveCfg = Debug|x86
		{737435C8-34D3-4294-B353-6C5F894D75A9}.Debug|iPhoneSimulator.ActiveCfg = Debug|x86
		{737435C8-34D3-4294-B353-6C5F894D75A9}.Debug|x64.ActiveCfg = Debug|x64
		{737435C8-34D3-4294-B353-6C5F894D75A9}.Debug|x64.Build.0 = Debug|x64
		{737435C8-34D3-4294-B353-6C5F894D75A9}.Debug|x64.Deploy.0 = Debug|x64
		{737435C8-34D3-4294-B353-6C5F894D75A9}.Debug|x86.ActiveCfg = Debug|x86
		{737435C8-34D3-4294-B353-6C5F894D75A9}.Debug|x86.Build.0 = Debug|x86
		{737435C8-34D3-4294-B353-6C5F894D75A9}.Debug|x86.Deploy.0 = Debug|x86
		{737435C8-34D3-4294-B353-6C5F894D75A9}.Release|Any CPU.ActiveCfg = Release|x86
		{737435C8-34D3-4294-B353-6C5F894D75A9}.Release|ARM.ActiveCfg = Release|ARM
		{737435C8-34D3-4294-B353-6C5F894D75A9}.Release|ARM.Build.0 = Release|ARM
		{737435C8-34D3-4294-B353-6C5F894D75A9}.Release|ARM.Deploy.0 = Release|ARM
		{737435C8-34D3-4294-B353-6C5F894D75A9}.Release|ARM64.ActiveCfg = Release|ARM64
		{737435C8-34D3-4294-B353-6C5F894D75A9}.Release|ARM64.Build.0 = Release|ARM64
		{737435C8-34D3-4294-B353-6C5F894D75A9}.Release|ARM64.Deploy.0 = Release|ARM64
		{737435C8-34D3-4294-B353-6C5F894D75A9}.Release|iPhone.ActiveCfg = Release|x86
		{737435C8-34D3-4294-B353-6C5F894D75A9}.Release|iPhoneSimulator.ActiveCfg = Release|x86
		{737435C8-34D3-4294-B353-6C5F894D75A9}.Release|x64.ActiveCfg = Release|x64
		{737435C8-34D3-4294-B353-6C5F894D75A9}.Release|x64.Build.0 = Release|x64
		{737435C8-34D3-4294-B353-6C5F894D75A9}.Release|x64.Deploy.0 = Release|x64
		{737435C8-34D3-4294-B353-6C5F894D75A9}.Release|x86.ActiveCfg = Release|x86
		{737435C8-34D3-4294-B353-6C5F894D75A9}.Release|x86.Build.0 = Release|x86
		{737435C8-34D3-4294-B353-6C5F894D75A9}.Release|x86.Deploy.0 = Release|x86
		{67D3153E-D385-4FC3-988E-C113C78D3BAA}.Ad-Hoc|Any CPU.ActiveCfg = Debug|Any CPU
		{67D3153E-D385-4FC3-988E-C113C78D3BAA}.Ad-Hoc|Any CPU.Build.0 = Debug|Any CPU
		{67D3153E-D385-4FC3-988E-C113C78D3BAA}.Ad-Hoc|ARM.ActiveCfg = Debug|Any CPU
		{67D3153E-D385-4FC3-988E-C113C78D3BAA}.Ad-Hoc|ARM.Build.0 = Debug|Any CPU
		{67D3153E-D385-4FC3-988E-C113C78D3BAA}.Ad-Hoc|ARM64.ActiveCfg = Debug|Any CPU
		{67D3153E-D385-4FC3-988E-C113C78D3BAA}.Ad-Hoc|ARM64.Build.0 = Debug|Any CPU
		{67D3153E-D385-4FC3-988E-C113C78D3BAA}.Ad-Hoc|iPhone.ActiveCfg = Debug|Any CPU
		{67D3153E-D385-4FC3-988E-C113C78D3BAA}.Ad-Hoc|iPhone.Build.0 = Debug|Any CPU
		{67D3153E-D385-4FC3-988E-C113C78D3BAA}.Ad-Hoc|iPhoneSimulator.ActiveCfg = Debug|Any CPU
		{67D3153E-D385-4FC3-988E-C113C78D3BAA}.Ad-Hoc|iPhoneSimulator.Build.0 = Debug|Any CPU
		{67D3153E-D385-4FC3-988E-C113C78D3BAA}.Ad-Hoc|x64.ActiveCfg = Debug|Any CPU
		{67D3153E-D385-4FC3-988E-C113C78D3BAA}.Ad-Hoc|x64.Build.0 = Debug|Any CPU
		{67D3153E-D385-4FC3-988E-C113C78D3BAA}.Ad-Hoc|x86.ActiveCfg = Debug|Any CPU
		{67D3153E-D385-4FC3-988E-C113C78D3BAA}.Ad-Hoc|x86.Build.0 = Debug|Any CPU
		{67D3153E-D385-4FC3-988E-C113C78D3BAA}.AppStore|Any CPU.ActiveCfg = Debug|Any CPU
		{67D3153E-D385-4FC3-988E-C113C78D3BAA}.AppStore|Any CPU.Build.0 = Debug|Any CPU
		{67D3153E-D385-4FC3-988E-C113C78D3BAA}.AppStore|ARM.ActiveCfg = Debug|Any CPU
		{67D3153E-D385-4FC3-988E-C113C78D3BAA}.AppStore|ARM.Build.0 = Debug|Any CPU
		{67D3153E-D385-4FC3-988E-C113C78D3BAA}.AppStore|ARM64.ActiveCfg = Debug|Any CPU
		{67D3153E-D385-4FC3-988E-C113C78D3BAA}.AppStore|ARM64.Build.0 = Debug|Any CPU
		{67D3153E-D385-4FC3-988E-C113C78D3BAA}.AppStore|iPhone.ActiveCfg = Debug|Any CPU
		{67D3153E-D385-4FC3-988E-C113C78D3BAA}.AppStore|iPhone.Build.0 = Debug|Any CPU
		{67D3153E-D385-4FC3-988E-C113C78D3BAA}.AppStore|iPhoneSimulator.ActiveCfg = Debug|Any CPU
		{67D3153E-D385-4FC3-988E-C113C78D3BAA}.AppStore|iPhoneSimulator.Build.0 = Debug|Any CPU
		{67D3153E-D385-4FC3-988E-C113C78D3BAA}.AppStore|x64.ActiveCfg = Debug|Any CPU
		{67D3153E-D385-4FC3-988E-C113C78D3BAA}.AppStore|x64.Build.0 = Debug|Any CPU
		{67D3153E-D385-4FC3-988E-C113C78D3BAA}.AppStore|x86.ActiveCfg = Debug|Any CPU
		{67D3153E-D385-4FC3-988E-C113C78D3BAA}.AppStore|x86.Build.0 = Debug|Any CPU
		{67D3153E-D385-4FC3-988E-C113C78D3BAA}.Debug|Any CPU.ActiveCfg = Debug|Any CPU
		{67D3153E-D385-4FC3-988E-C113C78D3BAA}.Debug|Any CPU.Build.0 = Debug|Any CPU
		{67D3153E-D385-4FC3-988E-C113C78D3BAA}.Debug|ARM.ActiveCfg = Debug|Any CPU
		{67D3153E-D385-4FC3-988E-C113C78D3BAA}.Debug|ARM.Build.0 = Debug|Any CPU
		{67D3153E-D385-4FC3-988E-C113C78D3BAA}.Debug|ARM64.ActiveCfg = Debug|Any CPU
		{67D3153E-D385-4FC3-988E-C113C78D3BAA}.Debug|ARM64.Build.0 = Debug|Any CPU
		{67D3153E-D385-4FC3-988E-C113C78D3BAA}.Debug|iPhone.ActiveCfg = Debug|Any CPU
		{67D3153E-D385-4FC3-988E-C113C78D3BAA}.Debug|iPhone.Build.0 = Debug|Any CPU
		{67D3153E-D385-4FC3-988E-C113C78D3BAA}.Debug|iPhoneSimulator.ActiveCfg = Debug|Any CPU
		{67D3153E-D385-4FC3-988E-C113C78D3BAA}.Debug|iPhoneSimulator.Build.0 = Debug|Any CPU
		{67D3153E-D385-4FC3-988E-C113C78D3BAA}.Debug|x64.ActiveCfg = Debug|Any CPU
		{67D3153E-D385-4FC3-988E-C113C78D3BAA}.Debug|x64.Build.0 = Debug|Any CPU
		{67D3153E-D385-4FC3-988E-C113C78D3BAA}.Debug|x86.ActiveCfg = Debug|Any CPU
		{67D3153E-D385-4FC3-988E-C113C78D3BAA}.Debug|x86.Build.0 = Debug|Any CPU
		{67D3153E-D385-4FC3-988E-C113C78D3BAA}.Release|Any CPU.ActiveCfg = Release|Any CPU
		{67D3153E-D385-4FC3-988E-C113C78D3BAA}.Release|Any CPU.Build.0 = Release|Any CPU
		{67D3153E-D385-4FC3-988E-C113C78D3BAA}.Release|ARM.ActiveCfg = Release|Any CPU
		{67D3153E-D385-4FC3-988E-C113C78D3BAA}.Release|ARM.Build.0 = Release|Any CPU
		{67D3153E-D385-4FC3-988E-C113C78D3BAA}.Release|ARM64.ActiveCfg = Release|Any CPU
		{67D3153E-D385-4FC3-988E-C113C78D3BAA}.Release|ARM64.Build.0 = Release|Any CPU
		{67D3153E-D385-4FC3-988E-C113C78D3BAA}.Release|iPhone.ActiveCfg = Release|Any CPU
		{67D3153E-D385-4FC3-988E-C113C78D3BAA}.Release|iPhone.Build.0 = Release|Any CPU
		{67D3153E-D385-4FC3-988E-C113C78D3BAA}.Release|iPhoneSimulator.ActiveCfg = Release|Any CPU
		{67D3153E-D385-4FC3-988E-C113C78D3BAA}.Release|iPhoneSimulator.Build.0 = Release|Any CPU
		{67D3153E-D385-4FC3-988E-C113C78D3BAA}.Release|x64.ActiveCfg = Release|Any CPU
		{67D3153E-D385-4FC3-988E-C113C78D3BAA}.Release|x64.Build.0 = Release|Any CPU
		{67D3153E-D385-4FC3-988E-C113C78D3BAA}.Release|x86.ActiveCfg = Release|Any CPU
		{67D3153E-D385-4FC3-988E-C113C78D3BAA}.Release|x86.Build.0 = Release|Any CPU
		{E8A16A52-CF8F-40C9-B6B6-20AFD5154CBA}.Ad-Hoc|Any CPU.ActiveCfg = Debug|Any CPU
		{E8A16A52-CF8F-40C9-B6B6-20AFD5154CBA}.Ad-Hoc|Any CPU.Build.0 = Debug|Any CPU
		{E8A16A52-CF8F-40C9-B6B6-20AFD5154CBA}.Ad-Hoc|ARM.ActiveCfg = Debug|Any CPU
		{E8A16A52-CF8F-40C9-B6B6-20AFD5154CBA}.Ad-Hoc|ARM.Build.0 = Debug|Any CPU
		{E8A16A52-CF8F-40C9-B6B6-20AFD5154CBA}.Ad-Hoc|ARM64.ActiveCfg = Debug|Any CPU
		{E8A16A52-CF8F-40C9-B6B6-20AFD5154CBA}.Ad-Hoc|ARM64.Build.0 = Debug|Any CPU
		{E8A16A52-CF8F-40C9-B6B6-20AFD5154CBA}.Ad-Hoc|iPhone.ActiveCfg = Debug|Any CPU
		{E8A16A52-CF8F-40C9-B6B6-20AFD5154CBA}.Ad-Hoc|iPhone.Build.0 = Debug|Any CPU
		{E8A16A52-CF8F-40C9-B6B6-20AFD5154CBA}.Ad-Hoc|iPhoneSimulator.ActiveCfg = Debug|Any CPU
		{E8A16A52-CF8F-40C9-B6B6-20AFD5154CBA}.Ad-Hoc|iPhoneSimulator.Build.0 = Debug|Any CPU
		{E8A16A52-CF8F-40C9-B6B6-20AFD5154CBA}.Ad-Hoc|x64.ActiveCfg = Debug|Any CPU
		{E8A16A52-CF8F-40C9-B6B6-20AFD5154CBA}.Ad-Hoc|x64.Build.0 = Debug|Any CPU
		{E8A16A52-CF8F-40C9-B6B6-20AFD5154CBA}.Ad-Hoc|x86.ActiveCfg = Debug|Any CPU
		{E8A16A52-CF8F-40C9-B6B6-20AFD5154CBA}.Ad-Hoc|x86.Build.0 = Debug|Any CPU
		{E8A16A52-CF8F-40C9-B6B6-20AFD5154CBA}.AppStore|Any CPU.ActiveCfg = Debug|Any CPU
		{E8A16A52-CF8F-40C9-B6B6-20AFD5154CBA}.AppStore|Any CPU.Build.0 = Debug|Any CPU
		{E8A16A52-CF8F-40C9-B6B6-20AFD5154CBA}.AppStore|ARM.ActiveCfg = Debug|Any CPU
		{E8A16A52-CF8F-40C9-B6B6-20AFD5154CBA}.AppStore|ARM.Build.0 = Debug|Any CPU
		{E8A16A52-CF8F-40C9-B6B6-20AFD5154CBA}.AppStore|ARM64.ActiveCfg = Debug|Any CPU
		{E8A16A52-CF8F-40C9-B6B6-20AFD5154CBA}.AppStore|ARM64.Build.0 = Debug|Any CPU
		{E8A16A52-CF8F-40C9-B6B6-20AFD5154CBA}.AppStore|iPhone.ActiveCfg = Debug|Any CPU
		{E8A16A52-CF8F-40C9-B6B6-20AFD5154CBA}.AppStore|iPhone.Build.0 = Debug|Any CPU
		{E8A16A52-CF8F-40C9-B6B6-20AFD5154CBA}.AppStore|iPhoneSimulator.ActiveCfg = Debug|Any CPU
		{E8A16A52-CF8F-40C9-B6B6-20AFD5154CBA}.AppStore|iPhoneSimulator.Build.0 = Debug|Any CPU
		{E8A16A52-CF8F-40C9-B6B6-20AFD5154CBA}.AppStore|x64.ActiveCfg = Debug|Any CPU
		{E8A16A52-CF8F-40C9-B6B6-20AFD5154CBA}.AppStore|x64.Build.0 = Debug|Any CPU
		{E8A16A52-CF8F-40C9-B6B6-20AFD5154CBA}.AppStore|x86.ActiveCfg = Debug|Any CPU
		{E8A16A52-CF8F-40C9-B6B6-20AFD5154CBA}.AppStore|x86.Build.0 = Debug|Any CPU
		{E8A16A52-CF8F-40C9-B6B6-20AFD5154CBA}.Debug|Any CPU.ActiveCfg = Debug|Any CPU
		{E8A16A52-CF8F-40C9-B6B6-20AFD5154CBA}.Debug|Any CPU.Build.0 = Debug|Any CPU
		{E8A16A52-CF8F-40C9-B6B6-20AFD5154CBA}.Debug|ARM.ActiveCfg = Debug|Any CPU
		{E8A16A52-CF8F-40C9-B6B6-20AFD5154CBA}.Debug|ARM.Build.0 = Debug|Any CPU
		{E8A16A52-CF8F-40C9-B6B6-20AFD5154CBA}.Debug|ARM64.ActiveCfg = Debug|Any CPU
		{E8A16A52-CF8F-40C9-B6B6-20AFD5154CBA}.Debug|ARM64.Build.0 = Debug|Any CPU
		{E8A16A52-CF8F-40C9-B6B6-20AFD5154CBA}.Debug|iPhone.ActiveCfg = Debug|Any CPU
		{E8A16A52-CF8F-40C9-B6B6-20AFD5154CBA}.Debug|iPhone.Build.0 = Debug|Any CPU
		{E8A16A52-CF8F-40C9-B6B6-20AFD5154CBA}.Debug|iPhoneSimulator.ActiveCfg = Debug|Any CPU
		{E8A16A52-CF8F-40C9-B6B6-20AFD5154CBA}.Debug|iPhoneSimulator.Build.0 = Debug|Any CPU
		{E8A16A52-CF8F-40C9-B6B6-20AFD5154CBA}.Debug|x64.ActiveCfg = Debug|Any CPU
		{E8A16A52-CF8F-40C9-B6B6-20AFD5154CBA}.Debug|x64.Build.0 = Debug|Any CPU
		{E8A16A52-CF8F-40C9-B6B6-20AFD5154CBA}.Debug|x86.ActiveCfg = Debug|Any CPU
		{E8A16A52-CF8F-40C9-B6B6-20AFD5154CBA}.Debug|x86.Build.0 = Debug|Any CPU
		{E8A16A52-CF8F-40C9-B6B6-20AFD5154CBA}.Release|Any CPU.ActiveCfg = Release|Any CPU
		{E8A16A52-CF8F-40C9-B6B6-20AFD5154CBA}.Release|Any CPU.Build.0 = Release|Any CPU
		{E8A16A52-CF8F-40C9-B6B6-20AFD5154CBA}.Release|ARM.ActiveCfg = Release|Any CPU
		{E8A16A52-CF8F-40C9-B6B6-20AFD5154CBA}.Release|ARM.Build.0 = Release|Any CPU
		{E8A16A52-CF8F-40C9-B6B6-20AFD5154CBA}.Release|ARM64.ActiveCfg = Release|Any CPU
		{E8A16A52-CF8F-40C9-B6B6-20AFD5154CBA}.Release|ARM64.Build.0 = Release|Any CPU
		{E8A16A52-CF8F-40C9-B6B6-20AFD5154CBA}.Release|iPhone.ActiveCfg = Release|Any CPU
		{E8A16A52-CF8F-40C9-B6B6-20AFD5154CBA}.Release|iPhone.Build.0 = Release|Any CPU
		{E8A16A52-CF8F-40C9-B6B6-20AFD5154CBA}.Release|iPhoneSimulator.ActiveCfg = Release|Any CPU
		{E8A16A52-CF8F-40C9-B6B6-20AFD5154CBA}.Release|iPhoneSimulator.Build.0 = Release|Any CPU
		{E8A16A52-CF8F-40C9-B6B6-20AFD5154CBA}.Release|x64.ActiveCfg = Release|Any CPU
		{E8A16A52-CF8F-40C9-B6B6-20AFD5154CBA}.Release|x64.Build.0 = Release|Any CPU
		{E8A16A52-CF8F-40C9-B6B6-20AFD5154CBA}.Release|x86.ActiveCfg = Release|Any CPU
		{E8A16A52-CF8F-40C9-B6B6-20AFD5154CBA}.Release|x86.Build.0 = Release|Any CPU
		{D8F54044-EA1C-47F3-8EFE-F456C71014C6}.Ad-Hoc|Any CPU.ActiveCfg = Debug|Any CPU
		{D8F54044-EA1C-47F3-8EFE-F456C71014C6}.Ad-Hoc|Any CPU.Build.0 = Debug|Any CPU
		{D8F54044-EA1C-47F3-8EFE-F456C71014C6}.Ad-Hoc|ARM.ActiveCfg = Debug|Any CPU
		{D8F54044-EA1C-47F3-8EFE-F456C71014C6}.Ad-Hoc|ARM.Build.0 = Debug|Any CPU
		{D8F54044-EA1C-47F3-8EFE-F456C71014C6}.Ad-Hoc|ARM64.ActiveCfg = Debug|Any CPU
		{D8F54044-EA1C-47F3-8EFE-F456C71014C6}.Ad-Hoc|ARM64.Build.0 = Debug|Any CPU
		{D8F54044-EA1C-47F3-8EFE-F456C71014C6}.Ad-Hoc|iPhone.ActiveCfg = Debug|Any CPU
		{D8F54044-EA1C-47F3-8EFE-F456C71014C6}.Ad-Hoc|iPhone.Build.0 = Debug|Any CPU
		{D8F54044-EA1C-47F3-8EFE-F456C71014C6}.Ad-Hoc|iPhoneSimulator.ActiveCfg = Debug|Any CPU
		{D8F54044-EA1C-47F3-8EFE-F456C71014C6}.Ad-Hoc|iPhoneSimulator.Build.0 = Debug|Any CPU
		{D8F54044-EA1C-47F3-8EFE-F456C71014C6}.Ad-Hoc|x64.ActiveCfg = Debug|Any CPU
		{D8F54044-EA1C-47F3-8EFE-F456C71014C6}.Ad-Hoc|x64.Build.0 = Debug|Any CPU
		{D8F54044-EA1C-47F3-8EFE-F456C71014C6}.Ad-Hoc|x86.ActiveCfg = Debug|Any CPU
		{D8F54044-EA1C-47F3-8EFE-F456C71014C6}.Ad-Hoc|x86.Build.0 = Debug|Any CPU
		{D8F54044-EA1C-47F3-8EFE-F456C71014C6}.AppStore|Any CPU.ActiveCfg = Debug|Any CPU
		{D8F54044-EA1C-47F3-8EFE-F456C71014C6}.AppStore|Any CPU.Build.0 = Debug|Any CPU
		{D8F54044-EA1C-47F3-8EFE-F456C71014C6}.AppStore|ARM.ActiveCfg = Debug|Any CPU
		{D8F54044-EA1C-47F3-8EFE-F456C71014C6}.AppStore|ARM.Build.0 = Debug|Any CPU
		{D8F54044-EA1C-47F3-8EFE-F456C71014C6}.AppStore|ARM64.ActiveCfg = Debug|Any CPU
		{D8F54044-EA1C-47F3-8EFE-F456C71014C6}.AppStore|ARM64.Build.0 = Debug|Any CPU
		{D8F54044-EA1C-47F3-8EFE-F456C71014C6}.AppStore|iPhone.ActiveCfg = Debug|Any CPU
		{D8F54044-EA1C-47F3-8EFE-F456C71014C6}.AppStore|iPhone.Build.0 = Debug|Any CPU
		{D8F54044-EA1C-47F3-8EFE-F456C71014C6}.AppStore|iPhoneSimulator.ActiveCfg = Debug|Any CPU
		{D8F54044-EA1C-47F3-8EFE-F456C71014C6}.AppStore|iPhoneSimulator.Build.0 = Debug|Any CPU
		{D8F54044-EA1C-47F3-8EFE-F456C71014C6}.AppStore|x64.ActiveCfg = Debug|Any CPU
		{D8F54044-EA1C-47F3-8EFE-F456C71014C6}.AppStore|x64.Build.0 = Debug|Any CPU
		{D8F54044-EA1C-47F3-8EFE-F456C71014C6}.AppStore|x86.ActiveCfg = Debug|Any CPU
		{D8F54044-EA1C-47F3-8EFE-F456C71014C6}.AppStore|x86.Build.0 = Debug|Any CPU
		{D8F54044-EA1C-47F3-8EFE-F456C71014C6}.Debug|Any CPU.ActiveCfg = Debug|Any CPU
		{D8F54044-EA1C-47F3-8EFE-F456C71014C6}.Debug|Any CPU.Build.0 = Debug|Any CPU
		{D8F54044-EA1C-47F3-8EFE-F456C71014C6}.Debug|ARM.ActiveCfg = Debug|Any CPU
		{D8F54044-EA1C-47F3-8EFE-F456C71014C6}.Debug|ARM.Build.0 = Debug|Any CPU
		{D8F54044-EA1C-47F3-8EFE-F456C71014C6}.Debug|ARM64.ActiveCfg = Debug|Any CPU
		{D8F54044-EA1C-47F3-8EFE-F456C71014C6}.Debug|ARM64.Build.0 = Debug|Any CPU
		{D8F54044-EA1C-47F3-8EFE-F456C71014C6}.Debug|iPhone.ActiveCfg = Debug|Any CPU
		{D8F54044-EA1C-47F3-8EFE-F456C71014C6}.Debug|iPhone.Build.0 = Debug|Any CPU
		{D8F54044-EA1C-47F3-8EFE-F456C71014C6}.Debug|iPhoneSimulator.ActiveCfg = Debug|Any CPU
		{D8F54044-EA1C-47F3-8EFE-F456C71014C6}.Debug|iPhoneSimulator.Build.0 = Debug|Any CPU
		{D8F54044-EA1C-47F3-8EFE-F456C71014C6}.Debug|x64.ActiveCfg = Debug|Any CPU
		{D8F54044-EA1C-47F3-8EFE-F456C71014C6}.Debug|x64.Build.0 = Debug|Any CPU
		{D8F54044-EA1C-47F3-8EFE-F456C71014C6}.Debug|x86.ActiveCfg = Debug|Any CPU
		{D8F54044-EA1C-47F3-8EFE-F456C71014C6}.Debug|x86.Build.0 = Debug|Any CPU
		{D8F54044-EA1C-47F3-8EFE-F456C71014C6}.Release|Any CPU.ActiveCfg = Release|Any CPU
		{D8F54044-EA1C-47F3-8EFE-F456C71014C6}.Release|Any CPU.Build.0 = Release|Any CPU
		{D8F54044-EA1C-47F3-8EFE-F456C71014C6}.Release|ARM.ActiveCfg = Release|Any CPU
		{D8F54044-EA1C-47F3-8EFE-F456C71014C6}.Release|ARM.Build.0 = Release|Any CPU
		{D8F54044-EA1C-47F3-8EFE-F456C71014C6}.Release|ARM64.ActiveCfg = Release|Any CPU
		{D8F54044-EA1C-47F3-8EFE-F456C71014C6}.Release|ARM64.Build.0 = Release|Any CPU
		{D8F54044-EA1C-47F3-8EFE-F456C71014C6}.Release|iPhone.ActiveCfg = Release|Any CPU
		{D8F54044-EA1C-47F3-8EFE-F456C71014C6}.Release|iPhone.Build.0 = Release|Any CPU
		{D8F54044-EA1C-47F3-8EFE-F456C71014C6}.Release|iPhoneSimulator.ActiveCfg = Release|Any CPU
		{D8F54044-EA1C-47F3-8EFE-F456C71014C6}.Release|iPhoneSimulator.Build.0 = Release|Any CPU
		{D8F54044-EA1C-47F3-8EFE-F456C71014C6}.Release|x64.ActiveCfg = Release|Any CPU
		{D8F54044-EA1C-47F3-8EFE-F456C71014C6}.Release|x64.Build.0 = Release|Any CPU
		{D8F54044-EA1C-47F3-8EFE-F456C71014C6}.Release|x86.ActiveCfg = Release|Any CPU
		{D8F54044-EA1C-47F3-8EFE-F456C71014C6}.Release|x86.Build.0 = Release|Any CPU
	EndGlobalSection
	GlobalSection(SolutionProperties) = preSolution
		HideSolutionNode = FALSE
	EndGlobalSection
	GlobalSection(NestedProjects) = preSolution
		{F9D91032-2180-4139-86B3-69C44CCA6670} = {32504943-AEB5-4556-BA6A-0EEDDC3A91CB}
		{737435C8-34D3-4294-B353-6C5F894D75A9} = {32504943-AEB5-4556-BA6A-0EEDDC3A91CB}
		{67D3153E-D385-4FC3-988E-C113C78D3BAA} = {32504943-AEB5-4556-BA6A-0EEDDC3A91CB}
		{E8A16A52-CF8F-40C9-B6B6-20AFD5154CBA} = {32504943-AEB5-4556-BA6A-0EEDDC3A91CB}
		{D8F54044-EA1C-47F3-8EFE-F456C71014C6} = {32504943-AEB5-4556-BA6A-0EEDDC3A91CB}
	EndGlobalSection
	GlobalSection(ExtensibilityGlobals) = postSolution
		SolutionGuid = {8E67043E-A232-4558-8E5F-34C669C91433}
	EndGlobalSection
EndGlobal
